
Microsoft Visual Studio Solution File, Format Version 12.00
# Visual Studio Version 17
VisualStudioVersion = 17.13.35919.96
MinimumVisualStudioVersion = 10.0.40219.1
Project("{2150E333-8FDC-42A3-9474-1A3956D46DE8}") = "Core", "Core", "{02EA681E-C7D8-13C7-8484-4AC65E1B71E8}"
EndProject
Project("{FAE04EC0-301F-11D3-BF4B-00C04F79EFBC}") = "domain", "domain\domain.csproj", "{A7BA4F41-090E-42B0-A8B9-98ECE52C96A8}"
EndProject
Project("{2150E333-8FDC-42A3-9474-1A3956D46DE8}") = "Solution Items", "Solution Items", "{8EC462FD-D22E-90A8-E5CE-7E832BA40C5D}"
	ProjectSection(SolutionItems) = preProject
		.gitignore = .gitignore
		secrets-rename.json = secrets-rename.json
	EndProjectSection
EndProject
Project("{2150E333-8FDC-42A3-9474-1A3956D46DE8}") = "Services", "Services", "{CA0629B0-1421-40A4-BF72-48A304578966}"
EndProject
Project("{FAE04EC0-301F-11D3-BF4B-00C04F79EFBC}") = "repository", "repository\repository.csproj", "{F6B966DD-5B63-4529-B125-5B9131AE746A}"
EndProject
Project("{FAE04EC0-301F-11D3-BF4B-00C04F79EFBC}") = "asp_services", "asp_services\asp_services.csproj", "{F1B834E2-1473-4BAE-9A8C-43AF1EE70BEA}"
EndProject
Global
	GlobalSection(SolutionConfigurationPlatforms) = preSolution
		Debug|Any CPU = Debug|Any CPU
		Release|Any CPU = Release|Any CPU
	EndGlobalSection
	GlobalSection(ProjectConfigurationPlatforms) = postSolution
		{A7BA4F41-090E-42B0-A8B9-98ECE52C96A8}.Debug|Any CPU.ActiveCfg = Debug|Any CPU
		{A7BA4F41-090E-42B0-A8B9-98ECE52C96A8}.Debug|Any CPU.Build.0 = Debug|Any CPU
		{A7BA4F41-090E-42B0-A8B9-98ECE52C96A8}.Release|Any CPU.ActiveCfg = Release|Any CPU
		{A7BA4F41-090E-42B0-A8B9-98ECE52C96A8}.Release|Any CPU.Build.0 = Release|Any CPU
		{F6B966DD-5B63-4529-B125-5B9131AE746A}.Debug|Any CPU.ActiveCfg = Debug|Any CPU
		{F6B966DD-5B63-4529-B125-5B9131AE746A}.Debug|Any CPU.Build.0 = Debug|Any CPU
		{F6B966DD-5B63-4529-B125-5B9131AE746A}.Release|Any CPU.ActiveCfg = Release|Any CPU
		{F6B966DD-5B63-4529-B125-5B9131AE746A}.Release|Any CPU.Build.0 = Release|Any CPU
		{F1B834E2-1473-4BAE-9A8C-43AF1EE70BEA}.Debug|Any CPU.ActiveCfg = Debug|Any CPU
		{F1B834E2-1473-4BAE-9A8C-43AF1EE70BEA}.Debug|Any CPU.Build.0 = Debug|Any CPU
		{F1B834E2-1473-4BAE-9A8C-43AF1EE70BEA}.Release|Any CPU.ActiveCfg = Release|Any CPU
		{F1B834E2-1473-4BAE-9A8C-43AF1EE70BEA}.Release|Any CPU.Build.0 = Release|Any CPU
	EndGlobalSection
	GlobalSection(SolutionProperties) = preSolution
		HideSolutionNode = FALSE
	EndGlobalSection
	GlobalSection(NestedProjects) = preSolution
		{A7BA4F41-090E-42B0-A8B9-98ECE52C96A8} = {02EA681E-C7D8-13C7-8484-4AC65E1B71E8}
		{F6B966DD-5B63-4529-B125-5B9131AE746A} = {CA0629B0-1421-40A4-BF72-48A304578966}
		{F1B834E2-1473-4BAE-9A8C-43AF1EE70BEA} = {CA0629B0-1421-40A4-BF72-48A304578966}
	EndGlobalSection
	GlobalSection(ExtensibilityGlobals) = postSolution
		SolutionGuid = {4894C791-9658-44FB-BDE8-3BC4302376FA}
	EndGlobalSection
EndGlobal
